github.com/zhiyanfoo/module-a v0.1.0 h1:fTDDc5L2lydV1GdWv9t6LOEuUxxtf51oXIdq0oxurdU=
github.com/zhiyanfoo/module-a v0.1.0/go.mod h1:y43O629l/hkq79rAmjHfkk/llCWJWcvRO08NGHjyoaU=
github.com/zhiyanfoo/module-a v0.2.0 h1:P9/xQswzi4CnKjmvM5U+ghI1x6aIflnS8hatPpbfxBw=
github.com/zhiyanfoo/module-a v0.2.0/go.mod h1:y43O629l/hkq79rAmjHfkk/llCWJWcvRO08NGHjyoaU=
